<?xml version="1.0" encoding="utf-8"?>
<Project ToolsVersion="4.0" xmlns="http://schemas.microsoft.com/developer/msbuild/2003">
  <ItemGroup>
    <Filter Include="源文件">
      <UniqueIdentifier>{4FC737F1-C7A5-4376-A066-2A32D752A2FF}</UniqueIdentifier>
      <Extensions>cpp;c;cc;cxx;def;odl;idl;hpj;bat;asm;asmx</Extensions>
    </Filter>
    <Filter Include="头文件">
      <UniqueIdentifier>{93995380-89BD-4b04-88EB-625FBE52EBFB}</UniqueIdentifier>
      <Extensions>h;hh;hpp;hxx;hm;inl;inc;ipp;xsd</Extensions>
    </Filter>
    <Filter Include="资源文件">
      <UniqueIdentifier>{67DA6AB6-F800-4c08-8B7A-83BB121AAD01}</UniqueIdentifier>
      <Extensions>rc;ico;cur;bmp;dlg;rc2;rct;bin;rgs;gif;jpg;jpeg;jpe;resx;tiff;tif;png;wav;mfcribbon-ms</Extensions>
    </Filter>
  </ItemGroup>
  <ItemGroup>
    <ClCompile Include="version.cpp">
      <Filter>源文件</Filter>
    </ClCompile>
    <ClCompile Include="utility.cpp">
      <Filter>源文件</Filter>
    </ClCompile>
    <ClCompile Include="raw2bgr.cpp">
      <Filter>源文件</Filter>
    </ClCompile>
    <ClCompile Include="awb.cpp">
      <Filter>源文件</Filter>
    </ClCompile>
    <ClCompile Include="gxr_softisp.cpp">
      <Filter>源文件</Filter>
    </ClCompile>
    <ClCompile Include="gxr_awb.cpp">
      <Filter>源文件</Filter>
    </ClCompile>
    <ClCompile Include="ae.cpp">
      <Filter>源文件</Filter>
    </ClCompile>
    <ClCompile Include="scaler.cpp">
      <Filter>源文件</Filter>
    </ClCompile>
    <ClCompile Include="group.cpp">
      <Filter>源文件</Filter>
    </ClCompile>
    <ClCompile Include="demosaic.cpp">
      <Filter>源文件</Filter>
    </ClCompile>
  </ItemGroup>
  <ItemGroup>
    <ClInclude Include="gxr_raw2bgr.h">
      <Filter>头文件</Filter>
    </ClInclude>
    <ClInclude Include="raw2bgr.hpp">
      <Filter>头文件</Filter>
    </ClInclude>
    <ClInclude Include="utility.hpp">
      <Filter>头文件</Filter>
    </ClInclude>
    <ClInclude Include="rawproc.hpp">
      <Filter>头文件</Filter>
    </ClInclude>
    <ClInclude Include="group.hpp">
      <Filter>头文件</Filter>
    </ClInclude>
    <ClInclude Include="gaussian.hpp">
      <Filter>头文件</Filter>
    </ClInclude>
    <ClInclude Include="rapidxml.hpp">
      <Filter>头文件</Filter>
    </ClInclude>
    <ClInclude Include="rapidxml_iterators.hpp">
      <Filter>头文件</Filter>
    </ClInclude>
    <ClInclude Include="rapidxml_print.hpp">
      <Filter>头文件</Filter>
    </ClInclude>
    <ClInclude Include="rapidxml_utils.hpp">
      <Filter>头文件</Filter>
    </ClInclude>
    <ClInclude Include="ocl.hpp">
      <Filter>头文件</Filter>
    </ClInclude>
    <ClInclude Include="gxr_softisp.hpp">
      <Filter>头文件</Filter>
    </ClInclude>
    <ClInclude Include="gxr_awb.hpp">
      <Filter>头文件</Filter>
    </ClInclude>
    <ClInclude Include="aecHandle.h">
      <Filter>头文件</Filter>
    </ClInclude>
    <ClInclude Include="InterfaceData.h">
      <Filter>头文件</Filter>
    </ClInclude>
    <ClInclude Include="aecAlgo.h">
      <Filter>头文件</Filter>
    </ClInclude>
    <ClInclude Include="scaler.hpp">
      <Filter>头文件</Filter>
    </ClInclude>
    <ClInclude Include="demosaic.h">
      <Filter>头文件</Filter>
    </ClInclude>
  </ItemGroup>
</Project>