
Microsoft Visual Studio Solution File, Format Version 12.00
# Visual Studio Version 17
VisualStudioVersion = 17.7.34024.191
MinimumVisualStudioVersion = 10.0.40219.1
Project("{8BC9CEB8-8B4A-11D0-8D11-00A0C91BC942}") = "LUT_APPLY", "LUT_APPLY.vcxproj", "{049E4BC4-CE24-4B76-A3D2-12019CE94158}"
EndProject
Global
	GlobalSection(SolutionConfigurationPlatforms) = preSolution
		Debug|x64 = Debug|x64
		Debug|x86 = Debug|x86
		Release|x64 = Release|x64
		Release|x86 = Release|x86
	EndGlobalSection
	GlobalSection(ProjectConfigurationPlatforms) = postSolution
		{049E4BC4-CE24-4B76-A3D2-12019CE94158}.Debug|x64.ActiveCfg = Debug|x64
		{049E4BC4-CE24-4B76-A3D2-12019CE94158}.Debug|x64.Build.0 = Debug|x64
		{049E4BC4-CE24-4B76-A3D2-12019CE94158}.Debug|x86.ActiveCfg = Debug|Win32
		{049E4BC4-CE24-4B76-A3D2-12019CE94158}.Debug|x86.Build.0 = Debug|Win32
		{049E4BC4-CE24-4B76-A3D2-12019CE94158}.Release|x64.ActiveCfg = Release|x64
		{049E4BC4-CE24-4B76-A3D2-12019CE94158}.Release|x64.Build.0 = Release|x64
		{049E4BC4-CE24-4B76-A3D2-12019CE94158}.Release|x86.ActiveCfg = Release|Win32
		{049E4BC4-CE24-4B76-A3D2-12019CE94158}.Release|x86.Build.0 = Release|Win32
	EndGlobalSection
	GlobalSection(SolutionProperties) = preSolution
		HideSolutionNode = FALSE
	EndGlobalSection
	GlobalSection(ExtensibilityGlobals) = postSolution
		SolutionGuid = {BDD43A24-D5AD-4D84-ABA4-B38AB4269E67}
	EndGlobalSection
EndGlobal
